
Microsoft Visual Studio Solution File, Format Version 12.00
# Visual Studio Version 16
VisualStudioVersion = 16.0.32510.428
MinimumVisualStudioVersion = 10.0.40219.1
Project("{FAE04EC0-301F-11D3-BF4B-00C04F79EFBC}") = "pbinfo", "pbinfo\pbinfo.csproj", "{8B64D9F6-69D7-4973-91CB-97A7ED4BA467}"
EndProject
Project("{FAE04EC0-301F-11D3-BF4B-00C04F79EFBC}") = "pbinfoApp", "pbinfoApp\pbinfoApp.csproj", "{DA07573F-1777-4C7F-80E6-E69AAB4DF43F}"
EndProject
Global
	GlobalSection(SolutionConfigurationPlatforms) = preSolution
		Debug|Any CPU = Debug|Any CPU
		Release|Any CPU = Release|Any CPU
	EndGlobalSection
	GlobalSection(ProjectConfigurationPlatforms) = postSolution
		{8B64D9F6-69D7-4973-91CB-97A7ED4BA467}.Debug|Any CPU.ActiveCfg = Debug|Any CPU
		{8B64D9F6-69D7-4973-91CB-97A7ED4BA467}.Debug|Any CPU.Build.0 = Debug|Any CPU
		{8B64D9F6-69D7-4973-91CB-97A7ED4BA467}.Release|Any CPU.ActiveCfg = Release|Any CPU
		{8B64D9F6-69D7-4973-91CB-97A7ED4BA467}.Release|Any CPU.Build.0 = Release|Any CPU
		{DA07573F-1777-4C7F-80E6-E69AAB4DF43F}.Debug|Any CPU.ActiveCfg = Debug|Any CPU
		{DA07573F-1777-4C7F-80E6-E69AAB4DF43F}.Debug|Any CPU.Build.0 = Debug|Any CPU
		{DA07573F-1777-4C7F-80E6-E69AAB4DF43F}.Release|Any CPU.ActiveCfg = Release|Any CPU
		{DA07573F-1777-4C7F-80E6-E69AAB4DF43F}.Release|Any CPU.Build.0 = Release|Any CPU
	EndGlobalSection
	GlobalSection(SolutionProperties) = preSolution
		HideSolutionNode = FALSE
	EndGlobalSection
	GlobalSection(ExtensibilityGlobals) = postSolution
		SolutionGuid = {0BB80C3F-02A3-447A-A4AD-39FDB123C82B}
	EndGlobalSection
EndGlobal
